
Microsoft Visual Studio Solution File, Format Version 12.00
# Visual Studio Version 17
VisualStudioVersion = 17.11.35312.102
MinimumVisualStudioVersion = 10.0.40219.1
Project("{9A19103F-16F7-4668-BE54-9A1E7A4F7556}") = "LojaSeuManuel.Api", "src\LojaSeuManuel.Api\LojaSeuManuel.Api.csproj", "{4E42401B-5CCA-4F4F-9FAA-8604ADD8695E}"
EndProject
Project("{FAE04EC0-301F-11D3-BF4B-00C04F79EFBC}") = "LojaSeuManuel.Api.Test", "test\LojaSeuManuel.Api.Test\LojaSeuManuel.Api.Test.csproj", "{79F2AD98-5CF7-4B9F-BFA0-9B4EECFDD013}"
EndProject
Global
	GlobalSection(SolutionConfigurationPlatforms) = preSolution
		Debug|Any CPU = Debug|Any CPU
		Release|Any CPU = Release|Any CPU
	EndGlobalSection
	GlobalSection(ProjectConfigurationPlatforms) = postSolution
		{4E42401B-5CCA-4F4F-9FAA-8604ADD8695E}.Debug|Any CPU.ActiveCfg = Debug|Any CPU
		{4E42401B-5CCA-4F4F-9FAA-8604ADD8695E}.Debug|Any CPU.Build.0 = Debug|Any CPU
		{4E42401B-5CCA-4F4F-9FAA-8604ADD8695E}.Release|Any CPU.ActiveCfg = Release|Any CPU
		{4E42401B-5CCA-4F4F-9FAA-8604ADD8695E}.Release|Any CPU.Build.0 = Release|Any CPU
		{79F2AD98-5CF7-4B9F-BFA0-9B4EECFDD013}.Debug|Any CPU.ActiveCfg = Debug|Any CPU
		{79F2AD98-5CF7-4B9F-BFA0-9B4EECFDD013}.Debug|Any CPU.Build.0 = Debug|Any CPU
		{79F2AD98-5CF7-4B9F-BFA0-9B4EECFDD013}.Release|Any CPU.ActiveCfg = Release|Any CPU
		{79F2AD98-5CF7-4B9F-BFA0-9B4EECFDD013}.Release|Any CPU.Build.0 = Release|Any CPU
	EndGlobalSection
	GlobalSection(SolutionProperties) = preSolution
		HideSolutionNode = FALSE
	EndGlobalSection
	GlobalSection(ExtensibilityGlobals) = postSolution
		SolutionGuid = {E3AB519E-7BF3-4A24-84FD-6A46AF60AC29}
	EndGlobalSection
EndGlobal
